{
  "name": "100daysofcode",
  "lockfileVersion": 3,
  "requires": true,
  "packages": {
    "": {
      "dependencies": {
        "chart.js": "^4.4.0",
        "vue": "^3.2.1"
      }
    },
    "node_modules/@babel/helper-string-parser": {
      "version": "7.22.5",
      "resolved": "https://registry.npmjs.org/@babel/helper-string-parser/-/helper-string-parser-7.22.5.tgz",
      "integrity": "sha512-mM4COjgZox8U+JcXQwPijIZLElkgEpO5rsERVDJTc2qfCDfERyob6k5WegS14SX18IIjv+XD+GrqNumY5JRCDw==",
      "engines": {
        "node": ">=6.9.0"
      }
    },
    "node_modules/@babel/helper-validator-identifier": {
      "version": "7.22.15",
      "resolved": "https://registry.npmjs.org/@babel/helper-validator-identifier/-/helper-validator-identifier-7.22.15.tgz",
      "integrity": "sha512-4E/F9IIEi8WR94324mbDUMo074YTheJmd7eZF5vITTeYchqAi6sYXRLHUVsmkdmY4QjfKTcB2jB7dVP3NaBElQ==",
      "engines": {
        "node": ">=6.9.0"
      }
    },
    "node_modules/@babel/parser": {
      "version": "7.22.15",
      "resolved": "https://registry.npmjs.org/@babel/parser/-/parser-7.22.15.tgz",
      "integrity": "sha512-RWmQ/sklUN9BvGGpCDgSubhHWfAx24XDTDObup4ffvxaYsptOg2P3KG0j+1eWKLxpkX0j0uHxmpq2Z1SP/VhxA==",
      "bin": {
        "parser": "bin/babel-parser.js"
      },
      "engines": {
        "node": ">=6.0.0"
      }
    },
    "node_modules/@babel/types": {
      "version": "7.22.15",
      "resolved": "https://registry.npmjs.org/@babel/types/-/types-7.22.15.tgz",
      "integrity": "sha512-X+NLXr0N8XXmN5ZsaQdm9U2SSC3UbIYq/doL++sueHOTisgZHoKaQtZxGuV2cUPQHMfjKEfg/g6oy7Hm6SKFtA==",
      "dependencies": {
        "@babel/helper-string-parser": "^7.22.5",
        "@babel/helper-validator-identifier": "^7.22.15",
        "to-fast-properties": "^2.0.0"
      },
      "engines": {
        "node": ">=6.9.0"
      }
    },
    "node_modules/@kurkle/color": {
      "version": "0.3.2",
      "resolved": "https://registry.npmjs.org/@kurkle/color/-/color-0.3.2.tgz",
      "integrity": "sha512-fuscdXJ9G1qb7W8VdHi+IwRqij3lBkosAm4ydQtEmbY58OzHXqQhvlxqEkoz0yssNVn38bcpRWgA9PP+OGoisw=="
    },
    "node_modules/@vue/compiler-core": {
      "version": "3.2.1",
      "resolved": "https://registry.npmjs.org/@vue/compiler-core/-/compiler-core-3.2.1.tgz",
      "integrity": "sha512-UEJf2ZGww5wGVdrWIXIZo04KdJFGPmI2bHRUsBZ3AdyCAqJ5ykRXKOBn1OR1hvA2YzimudOEyHM+DpbBv91Kww==",
      "dependencies": {
        "@babel/parser": "^7.12.0",
        "@babel/types": "^7.12.0",
        "@vue/shared": "3.2.1",
        "estree-walker": "^2.0.1",
        "source-map": "^0.6.1"
      }
    },
    "node_modules/@vue/compiler-dom": {
      "version": "3.2.1",
      "resolved": "https://registry.npmjs.org/@vue/compiler-dom/-/compiler-dom-3.2.1.tgz",
      "integrity": "sha512-tXg8tkPb3j54zNfWqoao9T1JI41yWPz8TROzmif/QNNA46eq8/SRuRsBd36i47GWaz7mh+yg3vOJ87/YBjcMyQ==",
      "dependencies": {
        "@vue/compiler-core": "3.2.1",
        "@vue/shared": "3.2.1"
      }
    },
    "node_modules/@vue/reactivity": {
      "version": "3.2.1",
      "resolved": "https://registry.npmjs.org/@vue/reactivity/-/reactivity-3.2.1.tgz",
      "integrity": "sha512-4Lja2KmyiKvuraDed6dXK2A6+r/7x7xGDA7vVR2Aqc8hQVu0+FWeVX+IBfiVOSpbZXFlHLNmCBFkbuWLQSlgxg==",
      "dependencies": {
        "@vue/shared": "3.2.1"
      }
    },
    "node_modules/@vue/runtime-core": {
      "version": "3.2.1",
      "resolved": "https://registry.npmjs.org/@vue/runtime-core/-/runtime-core-3.2.1.tgz",
      "integrity": "sha512-IsgelRM/5hYeRhz5+ECi66XvYDdjG2t4lARjHvCXw5s9Q4N6uIbjLMwtLzAWRxYf3/y258BrD+ehxAi943ScJg==",
      "dependencies": {
        "@vue/reactivity": "3.2.1",
        "@vue/shared": "3.2.1"
      }
    },
    "node_modules/@vue/runtime-dom": {
      "version": "3.2.1",
      "resolved": "https://registry.npmjs.org/@vue/runtime-dom/-/runtime-dom-3.2.1.tgz",
      "integrity": "sha512-bUAHUSe49A5wYdHQ8wsLU1CMPXaG2fRuv2661mx/6Q9+20QxglT3ss8ZeL6AVRu16JNJMcdvTTsNpbnMbVc/lQ==",
      "dependencies": {
        "@vue/runtime-core": "3.2.1",
        "@vue/shared": "3.2.1",
        "csstype": "^2.6.8"
      }
    },
    "node_modules/@vue/shared": {
      "version": "3.2.1",
      "resolved": "https://registry.npmjs.org/@vue/shared/-/shared-3.2.1.tgz",
      "integrity": "sha512-INN92dVBNgd0TW9BqfQQKx/HWGCHhUUbAV5EZ5FgSCiEdwuZsJbGt1mdnaD9IxGhpiyOjP2ClxGG8SFp7ELcWg=="
    },
    "node_modules/chart.js": {
      "version": "4.4.0",
      "resolved": "https://registry.npmjs.org/chart.js/-/chart.js-4.4.0.tgz",
      "integrity": "sha512-vQEj6d+z0dcsKLlQvbKIMYFHd3t8W/7L2vfJIbYcfyPcRx92CsHqECpueN8qVGNlKyDcr5wBrYAYKnfu/9Q1hQ==",
      "dependencies": {
        "@kurkle/color": "^0.3.0"
      },
      "engines": {
        "pnpm": ">=7"
      }
    },
    "node_modules/csstype": {
      "version": "2.6.21",
      "resolved": "https://registry.npmjs.org/csstype/-/csstype-2.6.21.tgz",
      "integrity": "sha512-Z1PhmomIfypOpoMjRQB70jfvy/wxT50qW08YXO5lMIJkrdq4yOTR+AW7FqutScmB9NkLwxo+jU+kZLbofZZq/w=="
    },
    "node_modules/estree-walker": {
      "version": "2.0.2",
      "resolved": "https://registry.npmjs.org/estree-walker/-/estree-walker-2.0.2.tgz",
      "integrity": "sha512-Rfkk/Mp/DL7JVje3u18FxFujQlTNR2q6QfMSMB7AvCBx91NGj/ba3kCfza0f6dVDbw7YlRf/nDrn7pQrCCyQ/w=="
    },
    "node_modules/source-map": {
      "version": "0.6.1",
      "resolved": "https://registry.npmjs.org/source-map/-/source-map-0.6.1.tgz",
      "integrity": "sha512-UjgapumWlbMhkBgzT7Ykc5YXUT46F0iKu8SGXq0bcwP5dz/h0Plj6enJqjz1Zbq2l5WaqYnrVbwWOWMyF3F47g==",
      "engines": {
        "node": ">=0.10.0"
      }
    },
    "node_modules/to-fast-properties": {
      "version": "2.0.0",
      "resolved": "https://registry.npmjs.org/to-fast-properties/-/to-fast-properties-2.0.0.tgz",
      "integrity": "sha512-/OaKK0xYrs3DmxRYqL/yDc+FxFUVYhDlXMhRmv3z915w2HF1tnN1omB354j8VUGO/hbRzyD6Y3sA7v7GS/ceog==",
      "engines": {
        "node": ">=4"
      }
    },
    "node_modules/vue": {
      "version": "3.2.1",
      "resolved": "https://registry.npmjs.org/vue/-/vue-3.2.1.tgz",
      "integrity": "sha512-0jhXluF5mzTAK5bXw/8yq4McvsI8HwEWI4cnQwJeN8NYGRbwh9wwuE4FNv1Kej9pxBB5ajTNsWr0M6DPs5EJZg==",
      "dependencies": {
        "@vue/compiler-dom": "3.2.1",
        "@vue/runtime-dom": "3.2.1",
        "@vue/shared": "3.2.1"
      }
    }
  }
}
